
Microsoft Visual Studio Solution File, Format Version 12.00
# Visual Studio Version 17
VisualStudioVersion = 17.4.33205.214
MinimumVisualStudioVersion = 10.0.40219.1
Project("{FAE04EC0-301F-11D3-BF4B-00C04F79EFBC}") = "WildPrices.WebApi", "WildPrices.WebApi\WildPrices.WebApi.csproj", "{2DDE4B18-3873-44A4-89B2-90F8817ECA33}"
EndProject
Project("{FAE04EC0-301F-11D3-BF4B-00C04F79EFBC}") = "WildPrices.Data", "WildPrices.Data\WildPrices.Data.csproj", "{A7711306-9FBD-4849-B957-87A875687521}"
EndProject
Project("{E53339B2-1760-4266-BCC7-CA923CBCF16C}") = "docker-compose", "docker-compose.dcproj", "{8C3E4F00-A7E9-4F73-B1CA-BB05F65CF75D}"
EndProject
Global
	GlobalSection(SolutionConfigurationPlatforms) = preSolution
		Debug|Any CPU = Debug|Any CPU
		Release|Any CPU = Release|Any CPU
	EndGlobalSection
	GlobalSection(ProjectConfigurationPlatforms) = postSolution
		{2DDE4B18-3873-44A4-89B2-90F8817ECA33}.Debug|Any CPU.ActiveCfg = Debug|Any CPU
		{2DDE4B18-3873-44A4-89B2-90F8817ECA33}.Debug|Any CPU.Build.0 = Debug|Any CPU
		{2DDE4B18-3873-44A4-89B2-90F8817ECA33}.Release|Any CPU.ActiveCfg = Release|Any CPU
		{2DDE4B18-3873-44A4-89B2-90F8817ECA33}.Release|Any CPU.Build.0 = Release|Any CPU
		{A7711306-9FBD-4849-B957-87A875687521}.Debug|Any CPU.ActiveCfg = Debug|Any CPU
		{A7711306-9FBD-4849-B957-87A875687521}.Debug|Any CPU.Build.0 = Debug|Any CPU
		{A7711306-9FBD-4849-B957-87A875687521}.Release|Any CPU.ActiveCfg = Release|Any CPU
		{A7711306-9FBD-4849-B957-87A875687521}.Release|Any CPU.Build.0 = Release|Any CPU
		{8C3E4F00-A7E9-4F73-B1CA-BB05F65CF75D}.Debug|Any CPU.ActiveCfg = Debug|Any CPU
		{8C3E4F00-A7E9-4F73-B1CA-BB05F65CF75D}.Debug|Any CPU.Build.0 = Debug|Any CPU
		{8C3E4F00-A7E9-4F73-B1CA-BB05F65CF75D}.Release|Any CPU.ActiveCfg = Release|Any CPU
		{8C3E4F00-A7E9-4F73-B1CA-BB05F65CF75D}.Release|Any CPU.Build.0 = Release|Any CPU
	EndGlobalSection
	GlobalSection(SolutionProperties) = preSolution
		HideSolutionNode = FALSE
	EndGlobalSection
	GlobalSection(ExtensibilityGlobals) = postSolution
		SolutionGuid = {F56B0310-28A1-4443-B55C-BB6DCE64BF36}
	EndGlobalSection
EndGlobal
